[{<<"bear">>,
  {git,"git://github.com/basho/bear.git",
       {ref,"da820a13c607c3f816ee8b83c587266da5389761"}},
  2},
 {<<"edown">>,
  {git,"git://github.com/basho/edown.git",
       {ref,"754be25f71a04099c83f3ffdff268e70beeb0021"}},
  2},
 {<<"exometer_core">>,
  {git,"git://github.com/basho/exometer_core.git",
       {ref,"4c43c777266fbf95cb83d2cf50afc555e5e3a7ec"}},
  0},
 {<<"folsom">>,
  {git,"git://github.com/basho/folsom.git",
       {ref,"72944523b6467c9f7add5f1c96dd5020424a2681"}},
  1},
 {<<"goldrush">>,
  {git,"https://github.com/basho/goldrush.git",
       {ref,"8f1b715d36b650ec1e1f5612c00e28af6ab0de82"}},
  1},
 {<<"lager">>,
  {git,"git://github.com/basho/lager.git",
       {ref,"81eaef0ce98fdbf64ab95665e3bc2ec4b24c7dac"}},
  0},
 {<<"meck">>,
  {git,"git://github.com/basho/meck.git",
       {ref,"dde759050eff19a1a80fd854d7375174b191665d"}},
  2},
 {<<"parse_trans">>,
  {git,"git://github.com/basho/parse_trans.git",
       {ref,"4517dfc096908995b479d6d9ed8284315e68b076"}},
  1},
 {<<"setup">>,
  {git,"git://github.com/basho/setup.git",
       {ref,"51ee7c9f64d2bbe9dcbb58c278e8fbfd4d0ca5e2"}},
  1}].
